// !$*UTF8*$!
{
	archiveVersion = 1;
	classes = {
	};
	objectVersion = 50;
	objects = {

/* Begin PBXBuildFile section */
		2D494F692617379A00DF7DBD /* AppDelegate.swift in Sources */ = {isa = PBXBuildFile; fileRef = 2D494F682617379A00DF7DBD /* AppDelegate.swift */; };
		2D494F6B2617379A00DF7DBD /* SceneDelegate.swift in Sources */ = {isa = PBXBuildFile; fileRef = 2D494F6A2617379A00DF7DBD /* SceneDelegate.swift */; };
		2D494F6D2617379A00DF7DBD /* ViewController.swift in Sources */ = {isa = PBXBuildFile; fileRef = 2D494F6C2617379A00DF7DBD /* ViewController.swift */; };
		2D494F702617379A00DF7DBD /* Main.storyboard in Resources */ = {isa = PBXBuildFile; fileRef = 2D494F6E2617379A00DF7DBD /* Main.storyboard */; };
		2D494F732617379A00DF7DBD /* Plants_iOS.xcdatamodeld in Sources */ = {isa = PBXBuildFile; fileRef = 2D494F712617379A00DF7DBD /* Plants_iOS.xcdatamodeld */; };
		2D494F752617379B00DF7DBD /* Assets.xcassets in Resources */ = {isa = PBXBuildFile; fileRef = 2D494F742617379B00DF7DBD /* Assets.xcassets */; };
		2D494F782617379B00DF7DBD /* LaunchScreen.storyboard in Resources */ = {isa = PBXBuildFile; fileRef = 2D494F762617379B00DF7DBD /* LaunchScreen.storyboard */; };
/* End PBXBuildFile section */

/* Begin PBXFileReference section */
		2D494F652617379900DF7DBD /* Plants-iOS.app */ = {isa = PBXFileReference; explicitFileType = wrapper.application; includeInIndex = 0; path = "Plants-iOS.app"; sourceTree = BUILT_PRODUCTS_DIR; };
		2D494F682617379A00DF7DBD /* AppDelegate.swift */ = {isa = PBXFileReference; lastKnownFileType = sourcecode.swift; path = AppDelegate.swift; sourceTree = "<group>"; };
		2D494F6A2617379A00DF7DBD /* SceneDelegate.swift */ = {isa = PBXFileReference; lastKnownFileType = sourcecode.swift; path = SceneDelegate.swift; sourceTree = "<group>"; };
		2D494F6C2617379A00DF7DBD /* ViewController.swift */ = {isa = PBXFileReference; lastKnownFileType = sourcecode.swift; path = ViewController.swift; sourceTree = "<group>"; };
		2D494F6F2617379A00DF7DBD /* Base */ = {isa = PBXFileReference; lastKnownFileType = file.storyboard; name = Base; path = Base.lproj/Main.storyboard; sourceTree = "<group>"; };
		2D494F722617379A00DF7DBD /* Plants_iOS.xcdatamodel */ = {isa = PBXFileReference; lastKnownFileType = wrapper.xcdatamodel; path = Plants_iOS.xcdatamodel; sourceTree = "<group>"; };
		2D494F742617379B00DF7DBD /* Assets.xcassets */ = {isa = PBXFileReference; lastKnownFileType = folder.assetcatalog; path = Assets.xcassets; sourceTree = "<group>"; };
		2D494F772617379B00DF7DBD /* Base */ = {isa = PBXFileReference; lastKnownFileType = file.storyboard; name = Base; path = Base.lproj/LaunchScreen.storyboard; sourceTree = "<group>"; };
		2D494F792617379B00DF7DBD /* Info.plist */ = {isa = PBXFileReference; lastKnownFileType = text.plist.xml; path = Info.plist; sourceTree = "<group>"; };
/* End PBXFileReference section */

/* Begin PBXFrameworksBuildPhase section */
		2D494F622617379900DF7DBD /* Frameworks */ = {
			isa = PBXFrameworksBuildPhase;
			buildActionMask = 2147483647;
			files = (
			);
			runOnlyForDeploymentPostprocessing = 0;
		};
/* End PBXFrameworksBuildPhase section */

/* Begin PBXGroup section */
		2D494F5C2617379900DF7DBD = {
			isa = PBXGroup;
			children = (
				2D494F672617379900DF7DBD /* Plants-iOS */,
				2D494F662617379900DF7DBD /* Products */,
			);
			sourceTree = "<group>";
		};
		2D494F662617379900DF7DBD /* Products */ = {
			isa = PBXGroup;
			children = (
				2D494F652617379900DF7DBD /* Plants-iOS.app */,
			);
			name = Products;
			sourceTree = "<group>";
		};
		2D494F672617379900DF7DBD /* Plants-iOS */ = {
			isa = PBXGroup;
			children = (
				2D494F682617379A00DF7DBD /* AppDelegate.swift */,
				2D494F6A2617379A00DF7DBD /* SceneDelegate.swift */,
				2D494F6C2617379A00DF7DBD /* ViewController.swift */,
				2D494F6E2617379A00DF7DBD /* Main.storyboard */,
				2D494F742617379B00DF7DBD /* Assets.xcassets */,
				2D494F762617379B00DF7DBD /* LaunchScreen.storyboard */,
				2D494F792617379B00DF7DBD /* Info.plist */,
				2D494F712617379A00DF7DBD /* Plants_iOS.xcdatamodeld */,
			);
			path = "Plants-iOS";
			sourceTree = "<group>";
		};
/* End PBXGroup section */

/* Begin PBXNativeTarget section */
		2D494F642617379900DF7DBD /* Plants-iOS */ = {
			isa = PBXNativeTarget;
			buildConfigurationList = 2D494F7C2617379B00DF7DBD /* Build configuration list for PBXNativeTarget "Plants-iOS" */;
			buildPhases = (
				2D494F612617379900DF7DBD /* Sources */,
				2D494F622617379900DF7DBD /* Frameworks */,
				2D494F632617379900DF7DBD /* Resources */,
			);
			buildRules = (
			);
			dependencies = (
			);
			name = "Plants-iOS";
			productName = "Plants-iOS";
			productReference = 2D494F652617379900DF7DBD /* Plants-iOS.app */;
			productType = "com.apple.product-type.application";
		};
/* End PBXNativeTarget section */

/* Begin PBXProject section */
		2D494F5D2617379900DF7DBD /* Project object */ = {
			isa = PBXProject;
			attributes = {
				LastSwiftUpdateCheck = 1240;
				LastUpgradeCheck = 1240;
				TargetAttributes = {
					2D494F642617379900DF7DBD = {
						CreatedOnToolsVersion = 12.4;
					};
				};
			};
			buildConfigurationList = 2D494F602617379900DF7DBD /* Build configuration list for PBXProject "Plants-iOS" */;
			compatibilityVersion = "Xcode 9.3";
			developmentRegion = en;
			hasScannedForEncodings = 0;
			knownRegions = (
				en,
				Base,
			);
			mainGroup = 2D494F5C2617379900DF7DBD;
			productRefGroup = 2D494F662617379900DF7DBD /* Products */;
			projectDirPath = "";
			projectRoot = "";
			targets = (
				2D494F642617379900DF7DBD /* Plants-iOS */,
			);
		};
/* End PBXProject section */

/* Begin PBXResourcesBuildPhase section */
		2D494F632617379900DF7DBD /* Resources */ = {
			isa = PBXResourcesBuildPhase;
			buildActionMask = 2147483647;
			files = (
				2D494F782617379B00DF7DBD /* LaunchScreen.storyboard in Resources */,
				2D494F752617379B00DF7DBD /* Assets.xcassets in Resources */,
				2D494F702617379A00DF7DBD /* Main.storyboard in Resources */,
			);
			runOnlyForDeploymentPostprocessing = 0;
		};
/* End PBXResourcesBuildPhase section */

/* Begin PBXSourcesBuildPhase section */
		2D494F612617379900DF7DBD /* Sources */ = {
			isa = PBXSourcesBuildPhase;
			buildActionMask = 2147483647;
			files = (
				2D494F6D2617379A00DF7DBD /* ViewController.swift in Sources */,
				2D494F692617379A00DF7DBD /* AppDelegate.swift in Sources */,
				2D494F6B2617379A00DF7DBD /* SceneDelegate.swift in Sources */,
				2D494F732617379A00DF7DBD /* Plants_iOS.xcdatamodeld in Sources */,
			);
			runOnlyForDeploymentPostprocessing = 0;
		};
/* End PBXSourcesBuildPhase section */

/* Begin PBXVariantGroup section */
		2D494F6E2617379A00DF7DBD /* Main.storyboard */ = {
			isa = PBXVariantGroup;
			children = (
				2D494F6F2617379A00DF7DBD /* Base */,
			);
			name = Main.storyboard;
			sourceTree = "<group>";
		};
		2D494F762617379B00DF7DBD /* LaunchScreen.storyboard */ = {
			isa = PBXVariantGroup;
			children = (
				2D494F772617379B00DF7DBD /* Base */,
			);
			name = LaunchScreen.storyboard;
			sourceTree = "<group>";
		};
/* End PBXVariantGroup section */

/* Begin XCBuildConfiguration section */
		2D494F7A2617379B00DF7DBD /* Debug */ = {
			isa = XCBuildConfiguration;
			buildSettings = {
				ALWAYS_SEARCH_USER_PATHS = NO;
				CLANG_ANALYZER_NONNULL = YES;
				CLANG_ANALYZER_NUMBER_OBJECT_CONVERSION = YES_AGGRESSIVE;
				CLANG_CXX_LANGUAGE_STANDARD = "gnu++14";
				CLANG_CXX_LIBRARY = "libc++";
				CLANG_ENABLE_MODULES = YES;
				CLANG_ENABLE_OBJC_ARC = YES;
				CLANG_ENABLE_OBJC_WEAK = YES;
				CLANG_WARN_BLOCK_CAPTURE_AUTORELEASING = YES;
				CLANG_WARN_BOOL_CONVERSION = YES;
				CLANG_WARN_COMMA = YES;
				CLANG_WARN_CONSTANT_CONVERSION = YES;
				CLANG_WARN_DEPRECATED_OBJC_IMPLEMENTATIONS = YES;
				CLANG_WARN_DIRECT_OBJC_ISA_USAGE = YES_ERROR;
				CLANG_WARN_DOCUMENTATION_COMMENTS = YES;
				CLANG_WARN_EMPTY_BODY = YES;
				CLANG_WARN_ENUM_CONVERSION = YES;
				CLANG_WARN_INFINITE_RECURSION = YES;
				CLANG_WARN_INT_CONVERSION = YES;
				CLANG_WARN_NON_LITERAL_NULL_CONVERSION = YES;
				CLANG_WARN_OBJC_IMPLICIT_RETAIN_SELF = YES;
				CLANG_WARN_OBJC_LITERAL_CONVERSION = YES;
				CLANG_WARN_OBJC_ROOT_CLASS = YES_ERROR;
				CLANG_WARN_QUOTED_INCLUDE_IN_FRAMEWORK_HEADER = YES;
				CLANG_WARN_RANGE_LOOP_ANALYSIS = YES;
				CLANG_WARN_STRICT_PROTOTYPES = YES;
				CLANG_WARN_SUSPICIOUS_MOVE = YES;
				CLANG_WARN_UNGUARDED_AVAILABILITY = YES_AGGRESSIVE;
				CLANG_WARN_UNREACHABLE_CODE = YES;
				CLANG_WARN__DUPLICATE_METHOD_MATCH = YES;
				COPY_PHASE_STRIP = NO;
				DEBUG_INFORMATION_FORMAT = dwarf;
				ENABLE_STRICT_OBJC_MSGSEND = YES;
				ENABLE_TESTABILITY = YES;
				GCC_C_LANGUAGE_STANDARD = gnu11;
				GCC_DYNAMIC_NO_PIC = NO;
				GCC_NO_COMMON_BLOCKS = YES;
				GCC_OPTIMIZATION_LEVEL = 0;
				GCC_PREPROCESSOR_DEFINITIONS = (
					"DEBUG=1",
					"$(inherited)",
				);
				GCC_WARN_64_TO_32_BIT_CONVERSION = YES;
				GCC_WARN_ABOUT_RETURN_TYPE = YES_ERROR;
				GCC_WARN_UNDECLARED_SELECTOR = YES;
				GCC_WARN_UNINITIALIZED_AUTOS = YES_AGGRESSIVE;
				GCC_WARN_UNUSED_FUNCTION = YES;
				GCC_WARN_UNUSED_VARIABLE = YES;
				IPHONEOS_DEPLOYMENT_TARGET = 14.4;
				MTL_ENABLE_DEBUG_INFO = INCLUDE_SOURCE;
				MTL_FAST_MATH = YES;
				ONLY_ACTIVE_ARCH = YES;
				SDKROOT = iphoneos;
				SWIFT_ACTIVE_COMPILATION_CONDITIONS = DEBUG;
				SWIFT_OPTIMIZATION_LEVEL = "-Onone";
			};
			name = Debug;
		};
		2D494F7B2617379B00DF7DBD /* Release */ = {
			isa = XCBuildConfiguration;
			buildSettings = {
				ALWAYS_SEARCH_USER_PATHS = NO;
				CLANG_ANALYZER_NONNULL = YES;
				CLANG_ANALYZER_NUMBER_OBJECT_CONVERSION = YES_AGGRESSIVE;
				CLANG_CXX_LANGUAGE_STANDARD = "gnu++14";
				CLANG_CXX_LIBRARY = "libc++";
				CLANG_ENABLE_MODULES = YES;
				CLANG_ENABLE_OBJC_ARC = YES;
				CLANG_ENABLE_OBJC_WEAK = YES;
				CLANG_WARN_BLOCK_CAPTURE_AUTORELEASING = YES;
				CLANG_WARN_BOOL_CONVERSION = YES;
				CLANG_WARN_COMMA = YES;
				CLANG_WARN_CONSTANT_CONVERSION = YES;
				CLANG_WARN_DEPRECATED_OBJC_IMPLEMENTATIONS = YES;
				CLANG_WARN_DIRECT_OBJC_ISA_USAGE = YES_ERROR;
				CLANG_WARN_DOCUMENTATION_COMMENTS = YES;
				CLANG_WARN_EMPTY_BODY = YES;
				CLANG_WARN_ENUM_CONVERSION = YES;
				CLANG_WARN_INFINITE_RECURSION = YES;
				CLANG_WARN_INT_CONVERSION = YES;
				CLANG_WARN_NON_LITERAL_NULL_CONVERSION = YES;
				CLANG_WARN_OBJC_IMPLICIT_RETAIN_SELF = YES;
				CLANG_WARN_OBJC_LITERAL_CONVERSION = YES;
				CLANG_WARN_OBJC_ROOT_CLASS = YES_ERROR;
				CLANG_WARN_QUOTED_INCLUDE_IN_FRAMEWORK_HEADER = YES;
				CLANG_WARN_RANGE_LOOP_ANALYSIS = YES;
				CLANG_WARN_STRICT_PROTOTYPES = YES;
				CLANG_WARN_SUSPICIOUS_MOVE = YES;
				CLANG_WARN_UNGUARDED_AVAILABILITY = YES_AGGRESSIVE;
				CLANG_WARN_UNREACHABLE_CODE = YES;
				CLANG_WARN__DUPLICATE_METHOD_MATCH = YES;
				COPY_PHASE_STRIP = NO;
				DEBUG_INFORMATION_FORMAT = "dwarf-with-dsym";
				ENABLE_NS_ASSERTIONS = NO;
				ENABLE_STRICT_OBJC_MSGSEND = YES;
				GCC_C_LANGUAGE_STANDARD = gnu11;
				GCC_NO_COMMON_BLOCKS = YES;
				GCC_WARN_64_TO_32_BIT_CONVERSION = YES;
				GCC_WARN_ABOUT_RETURN_TYPE = YES_ERROR;
				GCC_WARN_UNDECLARED_SELECTOR = YES;
				GCC_WARN_UNINITIALIZED_AUTOS = YES_AGGRESSIVE;
				GCC_WARN_UNUSED_FUNCTION = YES;
				GCC_WARN_UNUSED_VARIABLE = YES;
				IPHONEOS_DEPLOYMENT_TARGET = 14.4;
				MTL_ENABLE_DEBUG_INFO = NO;
				MTL_FAST_MATH = YES;
				SDKROOT = iphoneos;
				SWIFT_COMPILATION_MODE = wholemodule;
				SWIFT_OPTIMIZATION_LEVEL = "-O";
				VALIDATE_PRODUCT = YES;
			};
			name = Release;
		};
		2D494F7D2617379B00DF7DBD /* Debug */ = {
			isa = XCBuildConfiguration;
			buildSettings = {
				ASSETCATALOG_COMPILER_APPICON_NAME = AppIcon;
				ASSETCATALOG_COMPILER_GLOBAL_ACCENT_COLOR_NAME = AccentColor;
				CODE_SIGN_STYLE = Automatic;
				INFOPLIST_FILE = "Plants-iOS/Info.plist";
				LD_RUNPATH_SEARCH_PATHS = (
					"$(inherited)",
					"@executable_path/Frameworks",
				);
				PRODUCT_BUNDLE_IDENTIFIER = "es.upsa.mimo.Plants-iOS";
				PRODUCT_NAME = "$(TARGET_NAME)";
				SWIFT_VERSION = 5.0;
				TARGETED_DEVICE_FAMILY = "1,2";
			};
			name = Debug;
		};
		2D494F7E2617379B00DF7DBD /* Release */ = {
			isa = XCBuildConfiguration;
			buildSettings = {
				ASSETCATALOG_COMPILER_APPICON_NAME = AppIcon;
				ASSETCATALOG_COMPILER_GLOBAL_ACCENT_COLOR_NAME = AccentColor;
				CODE_SIGN_STYLE = Automatic;
				INFOPLIST_FILE = "Plants-iOS/Info.plist";
				LD_RUNPATH_SEARCH_PATHS = (
					"$(inherited)",
					"@executable_path/Frameworks",
				);
				PRODUCT_BUNDLE_IDENTIFIER = "es.upsa.mimo.Plants-iOS";
				PRODUCT_NAME = "$(TARGET_NAME)";
				SWIFT_VERSION = 5.0;
				TARGETED_DEVICE_FAMILY = "1,2";
			};
			name = Release;
		};
/* End XCBuildConfiguration section */

/* Begin XCConfigurationList section */
		2D494F602617379900DF7DBD /* Build configuration list for PBXProject "Plants-iOS" */ = {
			isa = XCConfigurationList;
			buildConfigurations = (
				2D494F7A2617379B00DF7DBD /* Debug */,
				2D494F7B2617379B00DF7DBD /* Release */,
			);
			defaultConfigurationIsVisible = 0;
			defaultConfigurationName = Release;
		};
		2D494F7C2617379B00DF7DBD /* Build configuration list for PBXNativeTarget "Plants-iOS" */ = {
			isa = XCConfigurationList;
			buildConfigurations = (
				2D494F7D2617379B00DF7DBD /* Debug */,
				2D494F7E2617379B00DF7DBD /* Release */,
			);
			defaultConfigurationIsVisible = 0;
			defaultConfigurationName = Release;
		};
/* End XCConfigurationList section */

/* Begin XCVersionGroup section */
		2D494F712617379A00DF7DBD /* Plants_iOS.xcdatamodeld */ = {
			isa = XCVersionGroup;
			children = (
				2D494F722617379A00DF7DBD /* Plants_iOS.xcdatamodel */,
			);
			currentVersion = 2D494F722617379A00DF7DBD /* Plants_iOS.xcdatamodel */;
			path = Plants_iOS.xcdatamodeld;
			sourceTree = "<group>";
			versionGroupType = wrapper.xcdatamodel;
		};
/* End XCVersionGroup section */
	};
	rootObject = 2D494F5D2617379900DF7DBD /* Project object */;
}
